{
  "name": "crypto",
  "lockfileVersion": 3,
  "requires": true,
  "packages": {
    "": {
      "dependencies": {
        "monokai": "^1.0.0"
      }
    },
    "node_modules/monokai": {
      "version": "1.0.0",
      "resolved": "https://registry.npmjs.org/monokai/-/monokai-1.0.0.tgz",
      "integrity": "sha512-62QRCxcgNW6C7LjOsw5CRXUSt7f2ORj7PMysremw90MhRABsKj6duelD2mxkcIGL8ibuVARnQuZSnFa5vVu/7w=="
    }
  }
}
